
Microsoft Visual Studio Solution File, Format Version 12.00
# Visual Studio 15
VisualStudioVersion = 15.0.27703.2042
MinimumVisualStudioVersion = 10.0.40219.1
Project("{8BC9CEB8-8B4A-11D0-8D11-00A0C91BC942}") = "LCD", "LCD\LCD.vcxproj", "{EBDAE570-63F4-4045-8FD0-FDF054959A77}"
EndProject
Global
	GlobalSection(SolutionConfigurationPlatforms) = preSolution
		Debug|VisualGDB = Debug|VisualGDB
		Release|VisualGDB = Release|VisualGDB
	EndGlobalSection
	GlobalSection(ProjectConfigurationPlatforms) = postSolution
		{EBDAE570-63F4-4045-8FD0-FDF054959A77}.Debug|VisualGDB.ActiveCfg = Debug|VisualGDB
		{EBDAE570-63F4-4045-8FD0-FDF054959A77}.Debug|VisualGDB.Build.0 = Debug|VisualGDB
		{EBDAE570-63F4-4045-8FD0-FDF054959A77}.Release|VisualGDB.ActiveCfg = Release|VisualGDB
		{EBDAE570-63F4-4045-8FD0-FDF054959A77}.Release|VisualGDB.Build.0 = Release|VisualGDB
	EndGlobalSection
	GlobalSection(SolutionProperties) = preSolution
		HideSolutionNode = FALSE
	EndGlobalSection
	GlobalSection(ExtensibilityGlobals) = postSolution
		SolutionGuid = {6C31FF57-F261-4C31-B31F-F87AF3207B4C}
	EndGlobalSection
EndGlobal
